// !$*UTF8*$!
{
	archiveVersion = 1;
	classes = {
	};
	objectVersion = 56;
	objects = {

/* Begin PBXBuildFile section */
		F3A250362C543F7F00B48E20 /* App in Frameworks */ = {isa = PBXBuildFile; productRef = F3A250352C543F7F00B48E20 /* App */; };
		F3A250382C543F7F00B48E20 /* Core in Frameworks */ = {isa = PBXBuildFile; productRef = F3A250372C543F7F00B48E20 /* Core */; };
		F3A2503A2C543F7F00B48E20 /* About in Frameworks */ = {isa = PBXBuildFile; productRef = F3A250392C543F7F00B48E20 /* About */; };
		F3A2503C2C543F7F00B48E20 /* Feed in Frameworks */ = {isa = PBXBuildFile; productRef = F3A2503B2C543F7F00B48E20 /* Feed */; };
		F3A2503E2C543F7F00B48E20 /* Setup in Frameworks */ = {isa = PBXBuildFile; productRef = F3A2503D2C543F7F00B48E20 /* Setup */; };
		F3A329D52C52917800C73225 /* SwiftUISampleAppApp.swift in Sources */ = {isa = PBXBuildFile; fileRef = F3A329D42C52917800C73225 /* SwiftUISampleAppApp.swift */; };
		F3A329D92C52917A00C73225 /* Assets.xcassets in Resources */ = {isa = PBXBuildFile; fileRef = F3A329D82C52917A00C73225 /* Assets.xcassets */; };
/* End PBXBuildFile section */

/* Begin PBXFileReference section */
		F3A250442C54FBFD00B48E20 /* Info.plist */ = {isa = PBXFileReference; lastKnownFileType = text.plist; path = Info.plist; sourceTree = "<group>"; };
		F3A329D12C52917800C73225 /* SwiftUISampleApp.app */ = {isa = PBXFileReference; explicitFileType = wrapper.application; includeInIndex = 0; path = SwiftUISampleApp.app; sourceTree = BUILT_PRODUCTS_DIR; };
		F3A329D42C52917800C73225 /* SwiftUISampleAppApp.swift */ = {isa = PBXFileReference; lastKnownFileType = sourcecode.swift; path = SwiftUISampleAppApp.swift; sourceTree = "<group>"; };
		F3A329D82C52917A00C73225 /* Assets.xcassets */ = {isa = PBXFileReference; lastKnownFileType = folder.assetcatalog; path = Assets.xcassets; sourceTree = "<group>"; };
		F3EA80282C566B6E004612CF /* SwiftUISampleApp.xctestplan */ = {isa = PBXFileReference; lastKnownFileType = text; path = SwiftUISampleApp.xctestplan; sourceTree = "<group>"; };
		F3F1AE9A2C543F270028B236 /* Core */ = {isa = PBXFileReference; lastKnownFileType = wrapper; path = Core; sourceTree = "<group>"; };
		F3F1AE9B2C543F270028B236 /* App */ = {isa = PBXFileReference; lastKnownFileType = wrapper; path = App; sourceTree = "<group>"; };
		F3F1AE9C2C543F270028B236 /* Features */ = {isa = PBXFileReference; lastKnownFileType = wrapper; path = Features; sourceTree = "<group>"; };
/* End PBXFileReference section */

/* Begin PBXFrameworksBuildPhase section */
		F3A329CE2C52917800C73225 /* Frameworks */ = {
			isa = PBXFrameworksBuildPhase;
			buildActionMask = 2147483647;
			files = (
				F3A2503C2C543F7F00B48E20 /* Feed in Frameworks */,
				F3A2503A2C543F7F00B48E20 /* About in Frameworks */,
				F3A250362C543F7F00B48E20 /* App in Frameworks */,
				F3A2503E2C543F7F00B48E20 /* Setup in Frameworks */,
				F3A250382C543F7F00B48E20 /* Core in Frameworks */,
			);
			runOnlyForDeploymentPostprocessing = 0;
		};
/* End PBXFrameworksBuildPhase section */

/* Begin PBXGroup section */
		F3A329C82C52917800C73225 = {
			isa = PBXGroup;
			children = (
				F3EA80282C566B6E004612CF /* SwiftUISampleApp.xctestplan */,
				F3F1AE9B2C543F270028B236 /* App */,
				F3F1AE9A2C543F270028B236 /* Core */,
				F3F1AE9C2C543F270028B236 /* Features */,
				F3A329D32C52917800C73225 /* SwiftUISampleApp */,
				F3A329D22C52917800C73225 /* Products */,
				F3F1AE8E2C5437D50028B236 /* Frameworks */,
			);
			sourceTree = "<group>";
		};
		F3A329D22C52917800C73225 /* Products */ = {
			isa = PBXGroup;
			children = (
				F3A329D12C52917800C73225 /* SwiftUISampleApp.app */,
			);
			name = Products;
			sourceTree = "<group>";
		};
		F3A329D32C52917800C73225 /* SwiftUISampleApp */ = {
			isa = PBXGroup;
			children = (
				F3A250442C54FBFD00B48E20 /* Info.plist */,
				F3A329D82C52917A00C73225 /* Assets.xcassets */,
				F3A329D42C52917800C73225 /* SwiftUISampleAppApp.swift */,
			);
			path = SwiftUISampleApp;
			sourceTree = "<group>";
		};
		F3F1AE8E2C5437D50028B236 /* Frameworks */ = {
			isa = PBXGroup;
			children = (
			);
			name = Frameworks;
			sourceTree = "<group>";
		};
/* End PBXGroup section */

/* Begin PBXNativeTarget section */
		F3A329D02C52917800C73225 /* SwiftUISampleApp */ = {
			isa = PBXNativeTarget;
			buildConfigurationList = F3A329DF2C52917A00C73225 /* Build configuration list for PBXNativeTarget "SwiftUISampleApp" */;
			buildPhases = (
				F3A329CD2C52917800C73225 /* Sources */,
				F3A329CE2C52917800C73225 /* Frameworks */,
				F3A329CF2C52917800C73225 /* Resources */,
			);
			buildRules = (
			);
			dependencies = (
				F3A32A2C2C53C05300C73225 /* PBXTargetDependency */,
			);
			name = SwiftUISampleApp;
			packageProductDependencies = (
				F3A250352C543F7F00B48E20 /* App */,
				F3A250372C543F7F00B48E20 /* Core */,
				F3A250392C543F7F00B48E20 /* About */,
				F3A2503B2C543F7F00B48E20 /* Feed */,
				F3A2503D2C543F7F00B48E20 /* Setup */,
			);
			productName = SwiftUISampleApp;
			productReference = F3A329D12C52917800C73225 /* SwiftUISampleApp.app */;
			productType = "com.apple.product-type.application";
		};
/* End PBXNativeTarget section */

/* Begin PBXProject section */
		F3A329C92C52917800C73225 /* Project object */ = {
			isa = PBXProject;
			attributes = {
				BuildIndependentTargetsInParallel = 1;
				LastSwiftUpdateCheck = 1540;
				LastUpgradeCheck = 1540;
				TargetAttributes = {
					F3A329D02C52917800C73225 = {
						CreatedOnToolsVersion = 15.4;
					};
				};
			};
			buildConfigurationList = F3A329CC2C52917800C73225 /* Build configuration list for PBXProject "SwiftUISampleApp" */;
			compatibilityVersion = "Xcode 14.0";
			developmentRegion = en;
			hasScannedForEncodings = 0;
			knownRegions = (
				en,
				Base,
				sk,
			);
			mainGroup = F3A329C82C52917800C73225;
			packageReferences = (
				F3A32A2A2C53C03E00C73225 /* XCRemoteSwiftPackageReference "SwiftLintPlugins" */,
			);
			productRefGroup = F3A329D22C52917800C73225 /* Products */;
			projectDirPath = "";
			projectRoot = "";
			targets = (
				F3A329D02C52917800C73225 /* SwiftUISampleApp */,
			);
		};
/* End PBXProject section */

/* Begin PBXResourcesBuildPhase section */
		F3A329CF2C52917800C73225 /* Resources */ = {
			isa = PBXResourcesBuildPhase;
			buildActionMask = 2147483647;
			files = (
				F3A329D92C52917A00C73225 /* Assets.xcassets in Resources */,
			);
			runOnlyForDeploymentPostprocessing = 0;
		};
/* End PBXResourcesBuildPhase section */

/* Begin PBXSourcesBuildPhase section */
		F3A329CD2C52917800C73225 /* Sources */ = {
			isa = PBXSourcesBuildPhase;
			buildActionMask = 2147483647;
			files = (
				F3A329D52C52917800C73225 /* SwiftUISampleAppApp.swift in Sources */,
			);
			runOnlyForDeploymentPostprocessing = 0;
		};
/* End PBXSourcesBuildPhase section */

/* Begin PBXTargetDependency section */
		F3A32A2C2C53C05300C73225 /* PBXTargetDependency */ = {
			isa = PBXTargetDependency;
			productRef = F3A32A2B2C53C05300C73225 /* SwiftLintBuildToolPlugin */;
		};
/* End PBXTargetDependency section */

/* Begin XCBuildConfiguration section */
		F3A329DD2C52917A00C73225 /* Debug */ = {
			isa = XCBuildConfiguration;
			buildSettings = {
				ALWAYS_SEARCH_USER_PATHS = NO;
				ASSETCATALOG_COMPILER_GENERATE_SWIFT_ASSET_SYMBOL_EXTENSIONS = YES;
				CLANG_ANALYZER_NONNULL = YES;
				CLANG_ANALYZER_NUMBER_OBJECT_CONVERSION = YES_AGGRESSIVE;
				CLANG_CXX_LANGUAGE_STANDARD = "gnu++20";
				CLANG_ENABLE_MODULES = YES;
				CLANG_ENABLE_OBJC_ARC = YES;
				CLANG_ENABLE_OBJC_WEAK = YES;
				CLANG_WARN_BLOCK_CAPTURE_AUTORELEASING = YES;
				CLANG_WARN_BOOL_CONVERSION = YES;
				CLANG_WARN_COMMA = YES;
				CLANG_WARN_CONSTANT_CONVERSION = YES;
				CLANG_WARN_DEPRECATED_OBJC_IMPLEMENTATIONS = YES;
				CLANG_WARN_DIRECT_OBJC_ISA_USAGE = YES_ERROR;
				CLANG_WARN_DOCUMENTATION_COMMENTS = YES;
				CLANG_WARN_EMPTY_BODY = YES;
				CLANG_WARN_ENUM_CONVERSION = YES;
				CLANG_WARN_INFINITE_RECURSION = YES;
				CLANG_WARN_INT_CONVERSION = YES;
				CLANG_WARN_NON_LITERAL_NULL_CONVERSION = YES;
				CLANG_WARN_OBJC_IMPLICIT_RETAIN_SELF = YES;
				CLANG_WARN_OBJC_LITERAL_CONVERSION = YES;
				CLANG_WARN_OBJC_ROOT_CLASS = YES_ERROR;
				CLANG_WARN_QUOTED_INCLUDE_IN_FRAMEWORK_HEADER = YES;
				CLANG_WARN_RANGE_LOOP_ANALYSIS = YES;
				CLANG_WARN_STRICT_PROTOTYPES = YES;
				CLANG_WARN_SUSPICIOUS_MOVE = YES;
				CLANG_WARN_UNGUARDED_AVAILABILITY = YES_AGGRESSIVE;
				CLANG_WARN_UNREACHABLE_CODE = YES;
				CLANG_WARN__DUPLICATE_METHOD_MATCH = YES;
				COPY_PHASE_STRIP = NO;
				DEBUG_INFORMATION_FORMAT = dwarf;
				ENABLE_STRICT_OBJC_MSGSEND = YES;
				ENABLE_TESTABILITY = YES;
				ENABLE_USER_SCRIPT_SANDBOXING = YES;
				GCC_C_LANGUAGE_STANDARD = gnu17;
				GCC_DYNAMIC_NO_PIC = NO;
				GCC_NO_COMMON_BLOCKS = YES;
				GCC_OPTIMIZATION_LEVEL = 0;
				GCC_PREPROCESSOR_DEFINITIONS = (
					"DEBUG=1",
					"$(inherited)",
				);
				GCC_WARN_64_TO_32_BIT_CONVERSION = YES;
				GCC_WARN_ABOUT_RETURN_TYPE = YES_ERROR;
				GCC_WARN_UNDECLARED_SELECTOR = YES;
				GCC_WARN_UNINITIALIZED_AUTOS = YES_AGGRESSIVE;
				GCC_WARN_UNUSED_FUNCTION = YES;
				GCC_WARN_UNUSED_VARIABLE = YES;
				IPHONEOS_DEPLOYMENT_TARGET = 17.0;
				LOCALIZATION_PREFERS_STRING_CATALOGS = YES;
				MTL_ENABLE_DEBUG_INFO = INCLUDE_SOURCE;
				MTL_FAST_MATH = YES;
				ONLY_ACTIVE_ARCH = YES;
				SDKROOT = iphoneos;
				SWIFT_ACTIVE_COMPILATION_CONDITIONS = "DEBUG $(inherited)";
				SWIFT_OPTIMIZATION_LEVEL = "-Onone";
			};
			name = Debug;
		};
		F3A329DE2C52917A00C73225 /* Release */ = {
			isa = XCBuildConfiguration;
			buildSettings = {
				ALWAYS_SEARCH_USER_PATHS = NO;
				ASSETCATALOG_COMPILER_GENERATE_SWIFT_ASSET_SYMBOL_EXTENSIONS = YES;
				CLANG_ANALYZER_NONNULL = YES;
				CLANG_ANALYZER_NUMBER_OBJECT_CONVERSION = YES_AGGRESSIVE;
				CLANG_CXX_LANGUAGE_STANDARD = "gnu++20";
				CLANG_ENABLE_MODULES = YES;
				CLANG_ENABLE_OBJC_ARC = YES;
				CLANG_ENABLE_OBJC_WEAK = YES;
				CLANG_WARN_BLOCK_CAPTURE_AUTORELEASING = YES;
				CLANG_WARN_BOOL_CONVERSION = YES;
				CLANG_WARN_COMMA = YES;
				CLANG_WARN_CONSTANT_CONVERSION = YES;
				CLANG_WARN_DEPRECATED_OBJC_IMPLEMENTATIONS = YES;
				CLANG_WARN_DIRECT_OBJC_ISA_USAGE = YES_ERROR;
				CLANG_WARN_DOCUMENTATION_COMMENTS = YES;
				CLANG_WARN_EMPTY_BODY = YES;
				CLANG_WARN_ENUM_CONVERSION = YES;
				CLANG_WARN_INFINITE_RECURSION = YES;
				CLANG_WARN_INT_CONVERSION = YES;
				CLANG_WARN_NON_LITERAL_NULL_CONVERSION = YES;
				CLANG_WARN_OBJC_IMPLICIT_RETAIN_SELF = YES;
				CLANG_WARN_OBJC_LITERAL_CONVERSION = YES;
				CLANG_WARN_OBJC_ROOT_CLASS = YES_ERROR;
				CLANG_WARN_QUOTED_INCLUDE_IN_FRAMEWORK_HEADER = YES;
				CLANG_WARN_RANGE_LOOP_ANALYSIS = YES;
				CLANG_WARN_STRICT_PROTOTYPES = YES;
				CLANG_WARN_SUSPICIOUS_MOVE = YES;
				CLANG_WARN_UNGUARDED_AVAILABILITY = YES_AGGRESSIVE;
				CLANG_WARN_UNREACHABLE_CODE = YES;
				CLANG_WARN__DUPLICATE_METHOD_MATCH = YES;
				COPY_PHASE_STRIP = NO;
				DEBUG_INFORMATION_FORMAT = "dwarf-with-dsym";
				ENABLE_NS_ASSERTIONS = NO;
				ENABLE_STRICT_OBJC_MSGSEND = YES;
				ENABLE_USER_SCRIPT_SANDBOXING = YES;
				GCC_C_LANGUAGE_STANDARD = gnu17;
				GCC_NO_COMMON_BLOCKS = YES;
				GCC_WARN_64_TO_32_BIT_CONVERSION = YES;
				GCC_WARN_ABOUT_RETURN_TYPE = YES_ERROR;
				GCC_WARN_UNDECLARED_SELECTOR = YES;
				GCC_WARN_UNINITIALIZED_AUTOS = YES_AGGRESSIVE;
				GCC_WARN_UNUSED_FUNCTION = YES;
				GCC_WARN_UNUSED_VARIABLE = YES;
				IPHONEOS_DEPLOYMENT_TARGET = 17.0;
				LOCALIZATION_PREFERS_STRING_CATALOGS = YES;
				MTL_ENABLE_DEBUG_INFO = NO;
				MTL_FAST_MATH = YES;
				SDKROOT = iphoneos;
				SWIFT_COMPILATION_MODE = wholemodule;
				VALIDATE_PRODUCT = YES;
			};
			name = Release;
		};
		F3A329E02C52917A00C73225 /* Debug */ = {
			isa = XCBuildConfiguration;
			buildSettings = {
				ASSETCATALOG_COMPILER_APPICON_NAME = AppIcon;
				ASSETCATALOG_COMPILER_GLOBAL_ACCENT_COLOR_NAME = AccentColor;
				CODE_SIGN_STYLE = Automatic;
				CURRENT_PROJECT_VERSION = 1;
				DEVELOPMENT_TEAM = S6EJ3ZVM4G;
				ENABLE_PREVIEWS = YES;
				GENERATE_INFOPLIST_FILE = YES;
				INFOPLIST_FILE = SwiftUISampleApp/Info.plist;
				INFOPLIST_KEY_UIApplicationSceneManifest_Generation = YES;
				INFOPLIST_KEY_UIApplicationSupportsIndirectInputEvents = YES;
				INFOPLIST_KEY_UILaunchScreen_Generation = YES;
				INFOPLIST_KEY_UISupportedInterfaceOrientations_iPad = "UIInterfaceOrientationPortrait UIInterfaceOrientationPortraitUpsideDown UIInterfaceOrientationLandscapeLeft UIInterfaceOrientationLandscapeRight";
				INFOPLIST_KEY_UISupportedInterfaceOrientations_iPhone = "UIInterfaceOrientationPortrait UIInterfaceOrientationLandscapeLeft UIInterfaceOrientationLandscapeRight";
				LD_RUNPATH_SEARCH_PATHS = (
					"$(inherited)",
					"@executable_path/Frameworks",
				);
				MARKETING_VERSION = 1.0;
				PRODUCT_BUNDLE_IDENTIFIER = sk.kulman.SwiftUISampleApp;
				PRODUCT_NAME = "$(TARGET_NAME)";
				SUPPORTED_PLATFORMS = "iphoneos iphonesimulator";
				SUPPORTS_MACCATALYST = NO;
				SUPPORTS_MAC_DESIGNED_FOR_IPHONE_IPAD = NO;
				SUPPORTS_XR_DESIGNED_FOR_IPHONE_IPAD = NO;
				SWIFT_EMIT_LOC_STRINGS = YES;
				SWIFT_VERSION = 5.0;
				TARGETED_DEVICE_FAMILY = "1,2";
			};
			name = Debug;
		};
		F3A329E12C52917A00C73225 /* Release */ = {
			isa = XCBuildConfiguration;
			buildSettings = {
				ASSETCATALOG_COMPILER_APPICON_NAME = AppIcon;
				ASSETCATALOG_COMPILER_GLOBAL_ACCENT_COLOR_NAME = AccentColor;
				CODE_SIGN_STYLE = Automatic;
				CURRENT_PROJECT_VERSION = 1;
				DEVELOPMENT_TEAM = S6EJ3ZVM4G;
				ENABLE_PREVIEWS = YES;
				GENERATE_INFOPLIST_FILE = YES;
				INFOPLIST_FILE = SwiftUISampleApp/Info.plist;
				INFOPLIST_KEY_UIApplicationSceneManifest_Generation = YES;
				INFOPLIST_KEY_UIApplicationSupportsIndirectInputEvents = YES;
				INFOPLIST_KEY_UILaunchScreen_Generation = YES;
				INFOPLIST_KEY_UISupportedInterfaceOrientations_iPad = "UIInterfaceOrientationPortrait UIInterfaceOrientationPortraitUpsideDown UIInterfaceOrientationLandscapeLeft UIInterfaceOrientationLandscapeRight";
				INFOPLIST_KEY_UISupportedInterfaceOrientations_iPhone = "UIInterfaceOrientationPortrait UIInterfaceOrientationLandscapeLeft UIInterfaceOrientationLandscapeRight";
				LD_RUNPATH_SEARCH_PATHS = (
					"$(inherited)",
					"@executable_path/Frameworks",
				);
				MARKETING_VERSION = 1.0;
				PRODUCT_BUNDLE_IDENTIFIER = sk.kulman.SwiftUISampleApp;
				PRODUCT_NAME = "$(TARGET_NAME)";
				SUPPORTED_PLATFORMS = "iphoneos iphonesimulator";
				SUPPORTS_MACCATALYST = NO;
				SUPPORTS_MAC_DESIGNED_FOR_IPHONE_IPAD = NO;
				SUPPORTS_XR_DESIGNED_FOR_IPHONE_IPAD = NO;
				SWIFT_EMIT_LOC_STRINGS = YES;
				SWIFT_VERSION = 5.0;
				TARGETED_DEVICE_FAMILY = "1,2";
			};
			name = Release;
		};
/* End XCBuildConfiguration section */

/* Begin XCConfigurationList section */
		F3A329CC2C52917800C73225 /* Build configuration list for PBXProject "SwiftUISampleApp" */ = {
			isa = XCConfigurationList;
			buildConfigurations = (
				F3A329DD2C52917A00C73225 /* Debug */,
				F3A329DE2C52917A00C73225 /* Release */,
			);
			defaultConfigurationIsVisible = 0;
			defaultConfigurationName = Release;
		};
		F3A329DF2C52917A00C73225 /* Build configuration list for PBXNativeTarget "SwiftUISampleApp" */ = {
			isa = XCConfigurationList;
			buildConfigurations = (
				F3A329E02C52917A00C73225 /* Debug */,
				F3A329E12C52917A00C73225 /* Release */,
			);
			defaultConfigurationIsVisible = 0;
			defaultConfigurationName = Release;
		};
/* End XCConfigurationList section */

/* Begin XCRemoteSwiftPackageReference section */
		F3A32A2A2C53C03E00C73225 /* XCRemoteSwiftPackageReference "SwiftLintPlugins" */ = {
			isa = XCRemoteSwiftPackageReference;
			repositoryURL = "https://github.com/SimplyDanny/SwiftLintPlugins";
			requirement = {
				kind = exactVersion;
				version = 0.55.1;
			};
		};
/* End XCRemoteSwiftPackageReference section */

/* Begin XCSwiftPackageProductDependency section */
		F3A250352C543F7F00B48E20 /* App */ = {
			isa = XCSwiftPackageProductDependency;
			productName = App;
		};
		F3A250372C543F7F00B48E20 /* Core */ = {
			isa = XCSwiftPackageProductDependency;
			productName = Core;
		};
		F3A250392C543F7F00B48E20 /* About */ = {
			isa = XCSwiftPackageProductDependency;
			productName = About;
		};
		F3A2503B2C543F7F00B48E20 /* Feed */ = {
			isa = XCSwiftPackageProductDependency;
			productName = Feed;
		};
		F3A2503D2C543F7F00B48E20 /* Setup */ = {
			isa = XCSwiftPackageProductDependency;
			productName = Setup;
		};
		F3A32A2B2C53C05300C73225 /* SwiftLintBuildToolPlugin */ = {
			isa = XCSwiftPackageProductDependency;
			package = F3A32A2A2C53C03E00C73225 /* XCRemoteSwiftPackageReference "SwiftLintPlugins" */;
			productName = "plugin:SwiftLintBuildToolPlugin";
		};
/* End XCSwiftPackageProductDependency section */
	};
	rootObject = F3A329C92C52917800C73225 /* Project object */;
}
